
Microsoft Visual Studio Solution File, Format Version 12.00
# Visual Studio Version 17
VisualStudioVersion = 17.13.35931.197 d17.13
MinimumVisualStudioVersion = 10.0.40219.1
Project("{FAE04EC0-301F-11D3-BF4B-00C04F79EFBC}") = "ProductManager", "ProductManager\ProductManager.csproj", "{FEAA63FA-DBE9-45AE-947C-18904465A984}"
EndProject
Global
	GlobalSection(SolutionConfigurationPlatforms) = preSolution
		Debug|Any CPU = Debug|Any CPU
		Release|Any CPU = Release|Any CPU
	EndGlobalSection
	GlobalSection(ProjectConfigurationPlatforms) = postSolution
		{FEAA63FA-DBE9-45AE-947C-18904465A984}.Debug|Any CPU.ActiveCfg = Debug|Any CPU
		{FEAA63FA-DBE9-45AE-947C-18904465A984}.Debug|Any CPU.Build.0 = Debug|Any CPU
		{FEAA63FA-DBE9-45AE-947C-18904465A984}.Release|Any CPU.ActiveCfg = Release|Any CPU
		{FEAA63FA-DBE9-45AE-947C-18904465A984}.Release|Any CPU.Build.0 = Release|Any CPU
	EndGlobalSection
	GlobalSection(SolutionProperties) = preSolution
		HideSolutionNode = FALSE
	EndGlobalSection
	GlobalSection(ExtensibilityGlobals) = postSolution
		SolutionGuid = {87208F29-56EA-44DF-8DC1-C60255925F55}
	EndGlobalSection
EndGlobal
